# THIS IS AN AUTOGENERATED FILE. DO NOT EDIT THIS FILE DIRECTLY.
# yarn lockfile v1


"@types/node@^18.11.9":
  version "18.11.13"
  resolved "https://registry.yarnpkg.com/@types/node/-/node-18.11.13.tgz#dff34f226ec1ac0432ae3b136ec5552bd3b9c0fe"
  integrity sha512-IASpMGVcWpUsx5xBOrxMj7Bl8lqfuTY7FKAnPmu5cHkfQVWF8GulWS1jbRqA934qZL35xh5xN/+Xe/i26Bod4w==

"@types/prop-types@*":
  version "15.7.5"
  resolved "https://registry.yarnpkg.com/@types/prop-types/-/prop-types-15.7.5.tgz#5f19d2b85a98e9558036f6a3cacc8819420f05cf"
  integrity sha512-JCB8C6SnDoQf0cNycqd/35A7MjcnK+ZTqE7judS6o7utxUCg6imJg3QK2qzHKszlTjcj2cn+NwMB2i96ubpj7w==

"@types/react@^17.0.43":
  version "17.0.52"
  resolved "https://registry.yarnpkg.com/@types/react/-/react-17.0.52.tgz#10d8b907b5c563ac014a541f289ae8eaa9bf2e9b"
  integrity sha512-vwk8QqVODi0VaZZpDXQCmEmiOuyjEFPY7Ttaw5vjM112LOq37yz1CDJGrRJwA1fYEq4Iitd5rnjd1yWAc/bT+A==
  dependencies:
    "@types/prop-types" "*"
    "@types/scheduler" "*"
    csstype "^3.0.2"

"@types/scheduler@*":
  version "0.16.2"
  resolved "https://registry.yarnpkg.com/@types/scheduler/-/scheduler-0.16.2.tgz#1a62f89525723dde24ba1b01b092bf5df8ad4d39"
  integrity sha512-hppQEBDmlwhFAXKJX2KnWLYu5yMfi91yazPb2l+lbJiwW+wdo1gNeRA+3RgNSO39WYX2euey41KEwnqesU2Jew==

commander@^2.20.0:
  version "2.20.3"
  resolved "https://registry.yarnpkg.com/commander/-/commander-2.20.3.tgz#fd485e84c03eb4881c20722ba48035e8531aeb33"
  integrity sha512-GpVkmM8vF2vQUkj2LvZmD35JxeJOLCwJ9cUkugyk2nuhbv3+mJvpLYYt+0+USMxE+oj+ey/lJEnhZw75x/OMcQ==

csstype@^3.0.2:
  version "3.1.1"
  resolved "https://registry.yarnpkg.com/csstype/-/csstype-3.1.1.tgz#841b532c45c758ee546a11d5bd7b7b473c8c30b9"
  integrity sha512-DJR/VvkAvSZW9bTouZue2sSxDwdTN92uHjqeKVm+0dAqdfNykRzQ95tay8aXMBAAPpUiq4Qcug2L7neoRh2Egw==

executioner@^2.0.1:
  version "2.0.1"
  resolved "https://registry.yarnpkg.com/executioner/-/executioner-2.0.1.tgz#add328e03bc45dd598f358fbb529fc0be0ec6fcd"
  integrity sha512-idZAlKsxEZASjaIqP4PQ1txyS1bOcDwWCHy/8p5oMmLGV0XNCQPD6WWAOwJCUVsWItWzAN2BEash5N78PliaIw==
  dependencies:
    mixly "^1.0.0"

fulcon@^1.0.1:
  version "1.0.2"
  resolved "https://registry.yarnpkg.com/fulcon/-/fulcon-1.0.2.tgz#8a4dfda4c73fcd9cc62a79d5045c392b45547320"
  integrity sha512-vYwUBqbdo9XK0NmN7cFmURmy2T1YHpEsTCbxGO3aErxx6a0Z/HkWXcqcPkk7yOuJ74mSAHGWGBSBBd6v3GKebA==

install-peers-cli@^2.2.0:
  version "2.2.0"
  resolved "https://registry.yarnpkg.com/install-peers-cli/-/install-peers-cli-2.2.0.tgz#f76f1ec8ac9fa7f920c05743e011554edad85f8d"
  integrity sha512-scSNvF49HDOLNm2xLFwST23g/OvfsceiA087bcGBgZP/ZNCrvpSaCn5IrWNZ2XYmFFykXF/6J1Zgm+D/JgRgtA==
  dependencies:
    commander "^2.20.0"
    executioner "^2.0.1"

mixly@^1.0.0:
  version "1.0.0"
  resolved "https://registry.yarnpkg.com/mixly/-/mixly-1.0.0.tgz#9b5a2e1f63e6dfba0d30e6797ffae62ab1dc24ef"
  integrity sha512-ks+xIMVeIDwuYK4LnOMXTfmiEI8oo3tFNFirpHd60C4r2H0wMwKN5/qHCrFBKFK+BYx2Gp7qs+evUJw7QO9D2w==
  dependencies:
    fulcon "^1.0.1"

typescript@^4.5.5:
  version "4.9.4"
  resolved "https://registry.yarnpkg.com/typescript/-/typescript-4.9.4.tgz#a2a3d2756c079abda241d75f149df9d561091e78"
  integrity sha512-Uz+dTXYzxXXbsFpM86Wh3dKCxrQqUcVMxwU54orwlJjOpO3ao8L7j5lH+dWfTwgCwIuM9GQ2kvVotzYJMXTBZg==
